// !$*UTF8*$!
{
	archiveVersion = 1;
	classes = {
	};
	objectVersion = 56;
	objects = {

/* Begin PBXBuildFile section */
		1A0000010000000000000001 /* DodoCountApp.swift in Sources */ = {isa = PBXBuildFile; fileRef = 1A0000020000000000000001 /* DodoCountApp.swift */; };
		1A0000030000000000000001 /* Settings.swift in Sources */ = {isa = PBXBuildFile; fileRef = 1A0000040000000000000001 /* Settings.swift */; };
		1A0000050000000000000001 /* Analytics.swift in Sources */ = {isa = PBXBuildFile; fileRef = 1A0000060000000000000001 /* Analytics.swift */; };
		1A0000070000000000000001 /* SettingsManager.swift in Sources */ = {isa = PBXBuildFile; fileRef = 1A0000080000000000000001 /* SettingsManager.swift */; };
		1A0000090000000000000001 /* AnalyticsService.swift in Sources */ = {isa = PBXBuildFile; fileRef = 1A00000A0000000000000001 /* AnalyticsService.swift */; };
		1A00000B0000000000000001 /* VisualEffectBlur.swift in Sources */ = {isa = PBXBuildFile; fileRef = 1A00000C0000000000000001 /* VisualEffectBlur.swift */; };
		1A00000D0000000000000001 /* PropertySelector.swift in Sources */ = {isa = PBXBuildFile; fileRef = 1A00000E0000000000000001 /* PropertySelector.swift */; };
		1A00000F0000000000000001 /* RealtimeCard.swift in Sources */ = {isa = PBXBuildFile; fileRef = 1A0000100000000000000001 /* RealtimeCard.swift */; };
		1A0000110000000000000001 /* MetricRow.swift in Sources */ = {isa = PBXBuildFile; fileRef = 1A0000120000000000000001 /* MetricRow.swift */; };
		1A0000130000000000000001 /* TopPagesCard.swift in Sources */ = {isa = PBXBuildFile; fileRef = 1A0000140000000000000001 /* TopPagesCard.swift */; };
		1A0000150000000000000001 /* SourcesCard.swift in Sources */ = {isa = PBXBuildFile; fileRef = 1A0000160000000000000001 /* SourcesCard.swift */; };
		1A0000170000000000000001 /* CountriesCard.swift in Sources */ = {isa = PBXBuildFile; fileRef = 1A0000180000000000000001 /* CountriesCard.swift */; };
		1A0000190000000000000001 /* DevicesCard.swift in Sources */ = {isa = PBXBuildFile; fileRef = 1A00001A0000000000000001 /* DevicesCard.swift */; };
		1A00001B0000000000000001 /* MenuBarView.swift in Sources */ = {isa = PBXBuildFile; fileRef = 1A00001C0000000000000001 /* MenuBarView.swift */; };
		1A00001D0000000000000001 /* SettingsView.swift in Sources */ = {isa = PBXBuildFile; fileRef = 1A00001E0000000000000001 /* SettingsView.swift */; };
		1A00001F0000000000000001 /* Assets.xcassets in Resources */ = {isa = PBXBuildFile; fileRef = 1A0000200000000000000001 /* Assets.xcassets */; };
		1A0000400000000000000001 /* AlertService.swift in Sources */ = {isa = PBXBuildFile; fileRef = 1A0000410000000000000001 /* AlertService.swift */; };
		1A0000420000000000000001 /* ShareService.swift in Sources */ = {isa = PBXBuildFile; fileRef = 1A0000430000000000000001 /* ShareService.swift */; };
		1A0000440000000000000001 /* HotkeyService.swift in Sources */ = {isa = PBXBuildFile; fileRef = 1A0000450000000000000001 /* HotkeyService.swift */; };
		1A0000460000000000000001 /* GoalProgressCard.swift in Sources */ = {isa = PBXBuildFile; fileRef = 1A0000470000000000000001 /* GoalProgressCard.swift */; };
		1A0000480000000000000001 /* AlertsCard.swift in Sources */ = {isa = PBXBuildFile; fileRef = 1A0000490000000000000001 /* AlertsCard.swift */; };
		1A00004A0000000000000001 /* GoogleAuthService.swift in Sources */ = {isa = PBXBuildFile; fileRef = 1A00004B0000000000000001 /* GoogleAuthService.swift */; };
		1A00004C0000000000000001 /* SearchConsoleService.swift in Sources */ = {isa = PBXBuildFile; fileRef = 1A00004D0000000000000001 /* SearchConsoleService.swift */; };
		1A00004E0000000000000001 /* ExtendedMetricsCard.swift in Sources */ = {isa = PBXBuildFile; fileRef = 1A00004F0000000000000001 /* ExtendedMetricsCard.swift */; };
		1A0000500000000000000001 /* SearchConsoleCard.swift in Sources */ = {isa = PBXBuildFile; fileRef = 1A0000510000000000000001 /* SearchConsoleCard.swift */; };
		1A0000520000000000000001 /* Localization.swift in Sources */ = {isa = PBXBuildFile; fileRef = 1A0000530000000000000001 /* Localization.swift */; };
		1A0000560000000000000001 /* DateUtilities.swift in Sources */ = {isa = PBXBuildFile; fileRef = 1A0000550000000000000001 /* DateUtilities.swift */; };
		1A0000600000000000000001 /* Localizable.strings in Resources */ = {isa = PBXBuildFile; fileRef = 1A0000610000000000000001 /* Localizable.strings */; };
		1A0000700000000000000001 /* DashboardWindow.swift in Sources */ = {isa = PBXBuildFile; fileRef = 1A0000710000000000000001 /* DashboardWindow.swift */; };
		1A0000720000000000000001 /* OverviewSection.swift in Sources */ = {isa = PBXBuildFile; fileRef = 1A0000730000000000000001 /* OverviewSection.swift */; };
		1A0000740000000000000001 /* TrafficSection.swift in Sources */ = {isa = PBXBuildFile; fileRef = 1A0000750000000000000001 /* TrafficSection.swift */; };
		1A0000760000000000000001 /* SearchSection.swift in Sources */ = {isa = PBXBuildFile; fileRef = 1A0000770000000000000001 /* SearchSection.swift */; };
		1A0000780000000000000001 /* PagesSection.swift in Sources */ = {isa = PBXBuildFile; fileRef = 1A0000790000000000000001 /* PagesSection.swift */; };
		1A00007A0000000000000001 /* AudienceSection.swift in Sources */ = {isa = PBXBuildFile; fileRef = 1A00007B0000000000000001 /* AudienceSection.swift */; };
		32992839B3767A652021304B /* MultiPropertyService.swift in Sources */ = {isa = PBXBuildFile; fileRef = 3214E6F6B315029E4197C519 /* MultiPropertyService.swift */; };
		A9731FABE91935D105FBAF2A /* PropertyData.swift in Sources */ = {isa = PBXBuildFile; fileRef = 77A82CF97D563C704911C057 /* PropertyData.swift */; };
		B6306F6B14D0E925330E4E7F /* PropertyCard.swift in Sources */ = {isa = PBXBuildFile; fileRef = 9157521CF733F7DAC71E538A /* PropertyCard.swift */; };
		CBF62FFE5EC06F4297F634CB /* MainPopoverView.swift in Sources */ = {isa = PBXBuildFile; fileRef = 707725B2065332CF52F69730 /* MainPopoverView.swift */; };
		F67C6C98D395623E907CF553 /* PropertyGridView.swift in Sources */ = {isa = PBXBuildFile; fileRef = 248DD0AC5AFD4B7FEFA32951 /* PropertyGridView.swift */; };
/* End PBXBuildFile section */

/* Begin PBXFileReference section */
		1A0000020000000000000001 /* DodoCountApp.swift */ = {isa = PBXFileReference; lastKnownFileType = sourcecode.swift; path = DodoCountApp.swift; sourceTree = "<group>"; };
		1A0000040000000000000001 /* Settings.swift */ = {isa = PBXFileReference; lastKnownFileType = sourcecode.swift; path = Settings.swift; sourceTree = "<group>"; };
		1A0000060000000000000001 /* Analytics.swift */ = {isa = PBXFileReference; lastKnownFileType = sourcecode.swift; path = Analytics.swift; sourceTree = "<group>"; };
		1A0000080000000000000001 /* SettingsManager.swift */ = {isa = PBXFileReference; lastKnownFileType = sourcecode.swift; path = SettingsManager.swift; sourceTree = "<group>"; };
		1A00000A0000000000000001 /* AnalyticsService.swift */ = {isa = PBXFileReference; lastKnownFileType = sourcecode.swift; path = AnalyticsService.swift; sourceTree = "<group>"; };
		1A00000C0000000000000001 /* VisualEffectBlur.swift */ = {isa = PBXFileReference; lastKnownFileType = sourcecode.swift; path = VisualEffectBlur.swift; sourceTree = "<group>"; };
		1A00000E0000000000000001 /* PropertySelector.swift */ = {isa = PBXFileReference; lastKnownFileType = sourcecode.swift; path = PropertySelector.swift; sourceTree = "<group>"; };
		1A0000100000000000000001 /* RealtimeCard.swift */ = {isa = PBXFileReference; lastKnownFileType = sourcecode.swift; path = RealtimeCard.swift; sourceTree = "<group>"; };
		1A0000120000000000000001 /* MetricRow.swift */ = {isa = PBXFileReference; lastKnownFileType = sourcecode.swift; path = MetricRow.swift; sourceTree = "<group>"; };
		1A0000140000000000000001 /* TopPagesCard.swift */ = {isa = PBXFileReference; lastKnownFileType = sourcecode.swift; path = TopPagesCard.swift; sourceTree = "<group>"; };
		1A0000160000000000000001 /* SourcesCard.swift */ = {isa = PBXFileReference; lastKnownFileType = sourcecode.swift; path = SourcesCard.swift; sourceTree = "<group>"; };
		1A0000180000000000000001 /* CountriesCard.swift */ = {isa = PBXFileReference; lastKnownFileType = sourcecode.swift; path = CountriesCard.swift; sourceTree = "<group>"; };
		1A00001A0000000000000001 /* DevicesCard.swift */ = {isa = PBXFileReference; lastKnownFileType = sourcecode.swift; path = DevicesCard.swift; sourceTree = "<group>"; };
		1A00001C0000000000000001 /* MenuBarView.swift */ = {isa = PBXFileReference; lastKnownFileType = sourcecode.swift; path = MenuBarView.swift; sourceTree = "<group>"; };
		1A00001E0000000000000001 /* SettingsView.swift */ = {isa = PBXFileReference; lastKnownFileType = sourcecode.swift; path = SettingsView.swift; sourceTree = "<group>"; };
		1A0000200000000000000001 /* Assets.xcassets */ = {isa = PBXFileReference; lastKnownFileType = folder.assetcatalog; path = Assets.xcassets; sourceTree = "<group>"; };
		1A0000210000000000000001 /* DodoCount.app */ = {isa = PBXFileReference; explicitFileType = wrapper.application; includeInIndex = 0; path = DodoCount.app; sourceTree = BUILT_PRODUCTS_DIR; };
		1A0000220000000000000001 /* DodoCount.entitlements */ = {isa = PBXFileReference; lastKnownFileType = text.plist.entitlements; path = DodoCount.entitlements; sourceTree = "<group>"; };
		1A0000410000000000000001 /* AlertService.swift */ = {isa = PBXFileReference; lastKnownFileType = sourcecode.swift; path = AlertService.swift; sourceTree = "<group>"; };
		1A0000430000000000000001 /* ShareService.swift */ = {isa = PBXFileReference; lastKnownFileType = sourcecode.swift; path = ShareService.swift; sourceTree = "<group>"; };
		1A0000450000000000000001 /* HotkeyService.swift */ = {isa = PBXFileReference; lastKnownFileType = sourcecode.swift; path = HotkeyService.swift; sourceTree = "<group>"; };
		1A0000470000000000000001 /* GoalProgressCard.swift */ = {isa = PBXFileReference; lastKnownFileType = sourcecode.swift; path = GoalProgressCard.swift; sourceTree = "<group>"; };
		1A0000490000000000000001 /* AlertsCard.swift */ = {isa = PBXFileReference; lastKnownFileType = sourcecode.swift; path = AlertsCard.swift; sourceTree = "<group>"; };
		1A00004B0000000000000001 /* GoogleAuthService.swift */ = {isa = PBXFileReference; lastKnownFileType = sourcecode.swift; path = GoogleAuthService.swift; sourceTree = "<group>"; };
		1A00004D0000000000000001 /* SearchConsoleService.swift */ = {isa = PBXFileReference; lastKnownFileType = sourcecode.swift; path = SearchConsoleService.swift; sourceTree = "<group>"; };
		1A00004F0000000000000001 /* ExtendedMetricsCard.swift */ = {isa = PBXFileReference; lastKnownFileType = sourcecode.swift; path = ExtendedMetricsCard.swift; sourceTree = "<group>"; };
		1A0000510000000000000001 /* SearchConsoleCard.swift */ = {isa = PBXFileReference; lastKnownFileType = sourcecode.swift; path = SearchConsoleCard.swift; sourceTree = "<group>"; };
		1A0000530000000000000001 /* Localization.swift */ = {isa = PBXFileReference; lastKnownFileType = sourcecode.swift; path = Localization.swift; sourceTree = "<group>"; };
		1A0000550000000000000001 /* DateUtilities.swift */ = {isa = PBXFileReference; lastKnownFileType = sourcecode.swift; path = DateUtilities.swift; sourceTree = "<group>"; };
		1A0000620000000000000001 /* en */ = {isa = PBXFileReference; lastKnownFileType = text.plist.strings; name = en; path = DodoCount/Resources/en.lproj/Localizable.strings; sourceTree = SOURCE_ROOT; };
		1A0000630000000000000001 /* tr */ = {isa = PBXFileReference; lastKnownFileType = text.plist.strings; name = tr; path = DodoCount/Resources/tr.lproj/Localizable.strings; sourceTree = SOURCE_ROOT; };
		1A0000640000000000000001 /* de */ = {isa = PBXFileReference; lastKnownFileType = text.plist.strings; name = de; path = DodoCount/Resources/de.lproj/Localizable.strings; sourceTree = SOURCE_ROOT; };
		1A0000650000000000000001 /* fr */ = {isa = PBXFileReference; lastKnownFileType = text.plist.strings; name = fr; path = DodoCount/Resources/fr.lproj/Localizable.strings; sourceTree = SOURCE_ROOT; };
		1A0000660000000000000001 /* es */ = {isa = PBXFileReference; lastKnownFileType = text.plist.strings; name = es; path = DodoCount/Resources/es.lproj/Localizable.strings; sourceTree = SOURCE_ROOT; };
		1A0000710000000000000001 /* DashboardWindow.swift */ = {isa = PBXFileReference; lastKnownFileType = sourcecode.swift; path = DashboardWindow.swift; sourceTree = "<group>"; };
		1A0000730000000000000001 /* OverviewSection.swift */ = {isa = PBXFileReference; lastKnownFileType = sourcecode.swift; path = OverviewSection.swift; sourceTree = "<group>"; };
		1A0000750000000000000001 /* TrafficSection.swift */ = {isa = PBXFileReference; lastKnownFileType = sourcecode.swift; path = TrafficSection.swift; sourceTree = "<group>"; };
		1A0000770000000000000001 /* SearchSection.swift */ = {isa = PBXFileReference; lastKnownFileType = sourcecode.swift; path = SearchSection.swift; sourceTree = "<group>"; };
		1A0000790000000000000001 /* PagesSection.swift */ = {isa = PBXFileReference; lastKnownFileType = sourcecode.swift; path = PagesSection.swift; sourceTree = "<group>"; };
		1A00007B0000000000000001 /* AudienceSection.swift */ = {isa = PBXFileReference; lastKnownFileType = sourcecode.swift; path = AudienceSection.swift; sourceTree = "<group>"; };
		248DD0AC5AFD4B7FEFA32951 /* PropertyGridView.swift */ = {isa = PBXFileReference; includeInIndex = 1; lastKnownFileType = sourcecode.swift; name = PropertyGridView.swift; path = PropertyGridView.swift; sourceTree = "<group>"; };
		3214E6F6B315029E4197C519 /* MultiPropertyService.swift */ = {isa = PBXFileReference; includeInIndex = 1; lastKnownFileType = sourcecode.swift; name = MultiPropertyService.swift; path = MultiPropertyService.swift; sourceTree = "<group>"; };
		707725B2065332CF52F69730 /* MainPopoverView.swift */ = {isa = PBXFileReference; includeInIndex = 1; lastKnownFileType = sourcecode.swift; name = MainPopoverView.swift; path = MainPopoverView.swift; sourceTree = "<group>"; };
		77A82CF97D563C704911C057 /* PropertyData.swift */ = {isa = PBXFileReference; includeInIndex = 1; lastKnownFileType = sourcecode.swift; name = PropertyData.swift; path = PropertyData.swift; sourceTree = "<group>"; };
		9157521CF733F7DAC71E538A /* PropertyCard.swift */ = {isa = PBXFileReference; includeInIndex = 1; lastKnownFileType = sourcecode.swift; name = PropertyCard.swift; path = PropertyCard.swift; sourceTree = "<group>"; };
/* End PBXFileReference section */

/* Begin PBXFrameworksBuildPhase section */
		1A0000230000000000000001 /* Frameworks */ = {
			isa = PBXFrameworksBuildPhase;
			buildActionMask = 2147483647;
			files = (
			);
			runOnlyForDeploymentPostprocessing = 0;
		};
/* End PBXFrameworksBuildPhase section */

/* Begin PBXGroup section */
		1A0000240000000000000001 = {
			isa = PBXGroup;
			children = (
				1A0000250000000000000001 /* DodoCount */,
				1A0000260000000000000001 /* Products */,
			);
			sourceTree = "<group>";
		};
		1A0000250000000000000001 /* DodoCount */ = {
			isa = PBXGroup;
			children = (
				1A0000020000000000000001 /* DodoCountApp.swift */,
				1A0000220000000000000001 /* DodoCount.entitlements */,
				1A0000270000000000000001 /* Models */,
				1A0000280000000000000001 /* Services */,
				1A0000290000000000000001 /* Views */,
				1A0000540000000000000001 /* Utilities */,
				1A00002A0000000000000001 /* Resources */,
			);
			path = DodoCount;
			sourceTree = "<group>";
		};
		1A0000260000000000000001 /* Products */ = {
			isa = PBXGroup;
			children = (
				1A0000210000000000000001 /* DodoCount.app */,
			);
			name = Products;
			sourceTree = "<group>";
		};
		1A0000270000000000000001 /* Models */ = {
			isa = PBXGroup;
			children = (
				1A0000040000000000000001 /* Settings.swift */,
				1A0000060000000000000001 /* Analytics.swift */,
				77A82CF97D563C704911C057 /* PropertyData.swift */,
			);
			path = Models;
			sourceTree = "<group>";
		};
		1A0000280000000000000001 /* Services */ = {
			isa = PBXGroup;
			children = (
				1A0000080000000000000001 /* SettingsManager.swift */,
				1A00000A0000000000000001 /* AnalyticsService.swift */,
				1A0000410000000000000001 /* AlertService.swift */,
				1A0000430000000000000001 /* ShareService.swift */,
				1A0000450000000000000001 /* HotkeyService.swift */,
				1A00004B0000000000000001 /* GoogleAuthService.swift */,
				1A00004D0000000000000001 /* SearchConsoleService.swift */,
				3214E6F6B315029E4197C519 /* MultiPropertyService.swift */,
			);
			path = Services;
			sourceTree = "<group>";
		};
		1A0000290000000000000001 /* Views */ = {
			isa = PBXGroup;
			children = (
				1A00001C0000000000000001 /* MenuBarView.swift */,
				1A00002B0000000000000001 /* Components */,
				1A00002C0000000000000001 /* Settings */,
				1A00006D0000000000000001 /* Dashboard */,
				707725B2065332CF52F69730 /* MainPopoverView.swift */,
				248DD0AC5AFD4B7FEFA32951 /* PropertyGridView.swift */,
			);
			path = Views;
			sourceTree = "<group>";
		};
		1A00002A0000000000000001 /* Resources */ = {
			isa = PBXGroup;
			children = (
				1A0000200000000000000001 /* Assets.xcassets */,
				1A0000610000000000000001 /* Localizable.strings */,
			);
			path = Resources;
			sourceTree = "<group>";
		};
		1A00002B0000000000000001 /* Components */ = {
			isa = PBXGroup;
			children = (
				1A00000C0000000000000001 /* VisualEffectBlur.swift */,
				1A00000E0000000000000001 /* PropertySelector.swift */,
				1A0000100000000000000001 /* RealtimeCard.swift */,
				1A0000120000000000000001 /* MetricRow.swift */,
				1A0000140000000000000001 /* TopPagesCard.swift */,
				1A0000160000000000000001 /* SourcesCard.swift */,
				1A0000180000000000000001 /* CountriesCard.swift */,
				1A00001A0000000000000001 /* DevicesCard.swift */,
				1A0000470000000000000001 /* GoalProgressCard.swift */,
				1A0000490000000000000001 /* AlertsCard.swift */,
				1A00004F0000000000000001 /* ExtendedMetricsCard.swift */,
				1A0000510000000000000001 /* SearchConsoleCard.swift */,
				9157521CF733F7DAC71E538A /* PropertyCard.swift */,
			);
			path = Components;
			sourceTree = "<group>";
		};
		1A00002C0000000000000001 /* Settings */ = {
			isa = PBXGroup;
			children = (
				1A00001E0000000000000001 /* SettingsView.swift */,
			);
			path = Settings;
			sourceTree = "<group>";
		};
		1A0000540000000000000001 /* Utilities */ = {
			isa = PBXGroup;
			children = (
				1A0000530000000000000001 /* Localization.swift */,
				1A0000550000000000000001 /* DateUtilities.swift */,
			);
			path = Utilities;
			sourceTree = "<group>";
		};
		1A00006D0000000000000001 /* Dashboard */ = {
			isa = PBXGroup;
			children = (
				1A0000710000000000000001 /* DashboardWindow.swift */,
				1A00006E0000000000000001 /* Sections */,
			);
			path = Dashboard;
			sourceTree = "<group>";
		};
		1A00006E0000000000000001 /* Sections */ = {
			isa = PBXGroup;
			children = (
				1A0000730000000000000001 /* OverviewSection.swift */,
				1A0000750000000000000001 /* TrafficSection.swift */,
				1A0000770000000000000001 /* SearchSection.swift */,
				1A0000790000000000000001 /* PagesSection.swift */,
				1A00007B0000000000000001 /* AudienceSection.swift */,
			);
			path = Sections;
			sourceTree = "<group>";
		};
/* End PBXGroup section */

/* Begin PBXNativeTarget section */
		1A00002D0000000000000001 /* DodoCount */ = {
			isa = PBXNativeTarget;
			buildConfigurationList = 1A00002E0000000000000001 /* Build configuration list for PBXNativeTarget "DodoCount" */;
			buildPhases = (
				1A00002F0000000000000001 /* Sources */,
				1A0000230000000000000001 /* Frameworks */,
				1A0000300000000000000001 /* Resources */,
			);
			buildRules = (
			);
			dependencies = (
			);
			name = DodoCount;
			productName = DodoCount;
			productReference = 1A0000210000000000000001 /* DodoCount.app */;
			productType = "com.apple.product-type.application";
		};
/* End PBXNativeTarget section */

/* Begin PBXProject section */
		1A0000310000000000000001 /* Project object */ = {
			isa = PBXProject;
			attributes = {
				BuildIndependentTargetsInParallel = 1;
				LastSwiftUpdateCheck = 1500;
				LastUpgradeCheck = 1500;
				TargetAttributes = {
					1A00002D0000000000000001 = {
						CreatedOnToolsVersion = 15.0;
					};
				};
			};
			buildConfigurationList = 1A0000320000000000000001 /* Build configuration list for PBXProject "DodoCount" */;
			compatibilityVersion = "Xcode 14.0";
			developmentRegion = en;
			hasScannedForEncodings = 0;
			knownRegions = (
				en,
				Base,
				tr,
				de,
				fr,
				es,
			);
			mainGroup = 1A0000240000000000000001;
			productRefGroup = 1A0000260000000000000001 /* Products */;
			projectDirPath = "";
			projectRoot = "";
			targets = (
				1A00002D0000000000000001 /* DodoCount */,
			);
		};
/* End PBXProject section */

/* Begin PBXResourcesBuildPhase section */
		1A0000300000000000000001 /* Resources */ = {
			isa = PBXResourcesBuildPhase;
			buildActionMask = 2147483647;
			files = (
				1A00001F0000000000000001 /* Assets.xcassets in Resources */,
				1A0000600000000000000001 /* Localizable.strings in Resources */,
			);
			runOnlyForDeploymentPostprocessing = 0;
		};
/* End PBXResourcesBuildPhase section */

/* Begin PBXSourcesBuildPhase section */
		1A00002F0000000000000001 /* Sources */ = {
			isa = PBXSourcesBuildPhase;
			buildActionMask = 2147483647;
			files = (
				1A0000010000000000000001 /* DodoCountApp.swift in Sources */,
				1A0000030000000000000001 /* Settings.swift in Sources */,
				1A0000050000000000000001 /* Analytics.swift in Sources */,
				1A0000070000000000000001 /* SettingsManager.swift in Sources */,
				1A0000090000000000000001 /* AnalyticsService.swift in Sources */,
				1A00000B0000000000000001 /* VisualEffectBlur.swift in Sources */,
				1A00000D0000000000000001 /* PropertySelector.swift in Sources */,
				1A00000F0000000000000001 /* RealtimeCard.swift in Sources */,
				1A0000110000000000000001 /* MetricRow.swift in Sources */,
				1A0000130000000000000001 /* TopPagesCard.swift in Sources */,
				1A0000150000000000000001 /* SourcesCard.swift in Sources */,
				1A0000170000000000000001 /* CountriesCard.swift in Sources */,
				1A0000190000000000000001 /* DevicesCard.swift in Sources */,
				1A00001B0000000000000001 /* MenuBarView.swift in Sources */,
				1A00001D0000000000000001 /* SettingsView.swift in Sources */,
				1A0000400000000000000001 /* AlertService.swift in Sources */,
				1A0000420000000000000001 /* ShareService.swift in Sources */,
				1A0000440000000000000001 /* HotkeyService.swift in Sources */,
				1A0000460000000000000001 /* GoalProgressCard.swift in Sources */,
				1A0000480000000000000001 /* AlertsCard.swift in Sources */,
				1A00004A0000000000000001 /* GoogleAuthService.swift in Sources */,
				1A00004C0000000000000001 /* SearchConsoleService.swift in Sources */,
				1A00004E0000000000000001 /* ExtendedMetricsCard.swift in Sources */,
				1A0000500000000000000001 /* SearchConsoleCard.swift in Sources */,
				1A0000520000000000000001 /* Localization.swift in Sources */,
				1A0000560000000000000001 /* DateUtilities.swift in Sources */,
				1A0000700000000000000001 /* DashboardWindow.swift in Sources */,
				1A0000720000000000000001 /* OverviewSection.swift in Sources */,
				1A0000740000000000000001 /* TrafficSection.swift in Sources */,
				1A0000760000000000000001 /* SearchSection.swift in Sources */,
				1A0000780000000000000001 /* PagesSection.swift in Sources */,
				1A00007A0000000000000001 /* AudienceSection.swift in Sources */,
				A9731FABE91935D105FBAF2A /* PropertyData.swift in Sources */,
				32992839B3767A652021304B /* MultiPropertyService.swift in Sources */,
				CBF62FFE5EC06F4297F634CB /* MainPopoverView.swift in Sources */,
				F67C6C98D395623E907CF553 /* PropertyGridView.swift in Sources */,
				B6306F6B14D0E925330E4E7F /* PropertyCard.swift in Sources */,
			);
			runOnlyForDeploymentPostprocessing = 0;
		};
/* End PBXSourcesBuildPhase section */

/* Begin PBXVariantGroup section */
		1A0000610000000000000001 /* Localizable.strings */ = {
			isa = PBXVariantGroup;
			children = (
				1A0000620000000000000001 /* en */,
				1A0000630000000000000001 /* tr */,
				1A0000640000000000000001 /* de */,
				1A0000650000000000000001 /* fr */,
				1A0000660000000000000001 /* es */,
			);
			name = Localizable.strings;
			sourceTree = "<group>";
		};
/* End PBXVariantGroup section */

/* Begin XCBuildConfiguration section */
		1A0000330000000000000001 /* Debug */ = {
			isa = XCBuildConfiguration;
			buildSettings = {
				ALWAYS_SEARCH_USER_PATHS = NO;
				ASSETCATALOG_COMPILER_GENERATE_SWIFT_ASSET_SYMBOL_EXTENSIONS = YES;
				CLANG_ANALYZER_NONNULL = YES;
				CLANG_ANALYZER_NUMBER_OBJECT_CONVERSION = YES_AGGRESSIVE;
				CLANG_CXX_LANGUAGE_STANDARD = "gnu++20";
				CLANG_ENABLE_MODULES = YES;
				CLANG_ENABLE_OBJC_ARC = YES;
				CLANG_ENABLE_OBJC_WEAK = YES;
				CLANG_WARN_BLOCK_CAPTURE_AUTORELEASING = YES;
				CLANG_WARN_BOOL_CONVERSION = YES;
				CLANG_WARN_COMMA = YES;
				CLANG_WARN_CONSTANT_CONVERSION = YES;
				CLANG_WARN_DEPRECATED_OBJC_IMPLEMENTATIONS = YES;
				CLANG_WARN_DIRECT_OBJC_ISA_USAGE = YES_ERROR;
				CLANG_WARN_DOCUMENTATION_COMMENTS = YES;
				CLANG_WARN_EMPTY_BODY = YES;
				CLANG_WARN_ENUM_CONVERSION = YES;
				CLANG_WARN_INFINITE_RECURSION = YES;
				CLANG_WARN_INT_CONVERSION = YES;
				CLANG_WARN_NON_LITERAL_NULL_CONVERSION = YES;
				CLANG_WARN_OBJC_IMPLICIT_RETAIN_SELF = YES;
				CLANG_WARN_OBJC_LITERAL_CONVERSION = YES;
				CLANG_WARN_OBJC_ROOT_CLASS = YES_ERROR;
				CLANG_WARN_QUOTED_INCLUDE_IN_FRAMEWORK_HEADER = YES;
				CLANG_WARN_RANGE_LOOP_ANALYSIS = YES;
				CLANG_WARN_STRICT_PROTOTYPES = YES;
				CLANG_WARN_SUSPICIOUS_MOVE = YES;
				CLANG_WARN_UNGUARDED_AVAILABILITY = YES_AGGRESSIVE;
				CLANG_WARN_UNREACHABLE_CODE = YES;
				CLANG_WARN__DUPLICATE_METHOD_MATCH = YES;
				COPY_PHASE_STRIP = NO;
				DEBUG_INFORMATION_FORMAT = dwarf;
				ENABLE_STRICT_OBJC_MSGSEND = YES;
				ENABLE_TESTABILITY = YES;
				ENABLE_USER_SCRIPT_SANDBOXING = YES;
				GCC_C_LANGUAGE_STANDARD = gnu17;
				GCC_DYNAMIC_NO_PIC = NO;
				GCC_NO_COMMON_BLOCKS = YES;
				GCC_OPTIMIZATION_LEVEL = 0;
				GCC_PREPROCESSOR_DEFINITIONS = (
					"DEBUG=1",
					"$(inherited)",
				);
				GCC_WARN_64_TO_32_BIT_CONVERSION = YES;
				GCC_WARN_ABOUT_RETURN_TYPE = YES_ERROR;
				GCC_WARN_UNDECLARED_SELECTOR = YES;
				GCC_WARN_UNINITIALIZED_AUTOS = YES_AGGRESSIVE;
				GCC_WARN_UNUSED_FUNCTION = YES;
				GCC_WARN_UNUSED_VARIABLE = YES;
				MACOSX_DEPLOYMENT_TARGET = 14.0;
				MTL_ENABLE_DEBUG_INFO = INCLUDE_SOURCE;
				MTL_FAST_MATH = YES;
				ONLY_ACTIVE_ARCH = YES;
				SDKROOT = macosx;
				SWIFT_ACTIVE_COMPILATION_CONDITIONS = "DEBUG $(inherited)";
				SWIFT_OPTIMIZATION_LEVEL = "-Onone";
			};
			name = Debug;
		};
		1A0000340000000000000001 /* Release */ = {
			isa = XCBuildConfiguration;
			buildSettings = {
				ALWAYS_SEARCH_USER_PATHS = NO;
				ASSETCATALOG_COMPILER_GENERATE_SWIFT_ASSET_SYMBOL_EXTENSIONS = YES;
				CLANG_ANALYZER_NONNULL = YES;
				CLANG_ANALYZER_NUMBER_OBJECT_CONVERSION = YES_AGGRESSIVE;
				CLANG_CXX_LANGUAGE_STANDARD = "gnu++20";
				CLANG_ENABLE_MODULES = YES;
				CLANG_ENABLE_OBJC_ARC = YES;
				CLANG_ENABLE_OBJC_WEAK = YES;
				CLANG_WARN_BLOCK_CAPTURE_AUTORELEASING = YES;
				CLANG_WARN_BOOL_CONVERSION = YES;
				CLANG_WARN_COMMA = YES;
				CLANG_WARN_CONSTANT_CONVERSION = YES;
				CLANG_WARN_DEPRECATED_OBJC_IMPLEMENTATIONS = YES;
				CLANG_WARN_DIRECT_OBJC_ISA_USAGE = YES_ERROR;
				CLANG_WARN_DOCUMENTATION_COMMENTS = YES;
				CLANG_WARN_EMPTY_BODY = YES;
				CLANG_WARN_ENUM_CONVERSION = YES;
				CLANG_WARN_INFINITE_RECURSION = YES;
				CLANG_WARN_INT_CONVERSION = YES;
				CLANG_WARN_NON_LITERAL_NULL_CONVERSION = YES;
				CLANG_WARN_OBJC_IMPLICIT_RETAIN_SELF = YES;
				CLANG_WARN_OBJC_LITERAL_CONVERSION = YES;
				CLANG_WARN_OBJC_ROOT_CLASS = YES_ERROR;
				CLANG_WARN_QUOTED_INCLUDE_IN_FRAMEWORK_HEADER = YES;
				CLANG_WARN_RANGE_LOOP_ANALYSIS = YES;
				CLANG_WARN_STRICT_PROTOTYPES = YES;
				CLANG_WARN_SUSPICIOUS_MOVE = YES;
				CLANG_WARN_UNGUARDED_AVAILABILITY = YES_AGGRESSIVE;
				CLANG_WARN_UNREACHABLE_CODE = YES;
				CLANG_WARN__DUPLICATE_METHOD_MATCH = YES;
				COPY_PHASE_STRIP = NO;
				DEBUG_INFORMATION_FORMAT = "dwarf-with-dsym";
				ENABLE_NS_ASSERTIONS = NO;
				ENABLE_STRICT_OBJC_MSGSEND = YES;
				ENABLE_USER_SCRIPT_SANDBOXING = YES;
				GCC_C_LANGUAGE_STANDARD = gnu17;
				GCC_NO_COMMON_BLOCKS = YES;
				GCC_WARN_64_TO_32_BIT_CONVERSION = YES;
				GCC_WARN_ABOUT_RETURN_TYPE = YES_ERROR;
				GCC_WARN_UNDECLARED_SELECTOR = YES;
				GCC_WARN_UNINITIALIZED_AUTOS = YES_AGGRESSIVE;
				GCC_WARN_UNUSED_FUNCTION = YES;
				GCC_WARN_UNUSED_VARIABLE = YES;
				MACOSX_DEPLOYMENT_TARGET = 14.0;
				MTL_ENABLE_DEBUG_INFO = NO;
				MTL_FAST_MATH = YES;
				SDKROOT = macosx;
				SWIFT_COMPILATION_MODE = wholemodule;
			};
			name = Release;
		};
		1A0000350000000000000001 /* Debug */ = {
			isa = XCBuildConfiguration;
			buildSettings = {
				ARCHS = "$(ARCHS_STANDARD)";
				ASSETCATALOG_COMPILER_APPICON_NAME = AppIcon;
				ASSETCATALOG_COMPILER_GLOBAL_ACCENT_COLOR_NAME = AccentColor;
				CODE_SIGN_ENTITLEMENTS = DodoCount/DodoCount.entitlements;
				CODE_SIGN_STYLE = Automatic;
				COMBINE_HIDPI_IMAGES = YES;
				CURRENT_PROJECT_VERSION = 1;
				DEVELOPMENT_ASSET_PATHS = "";
				ENABLE_HARDENED_RUNTIME = YES;
				ENABLE_PREVIEWS = YES;
				GENERATE_INFOPLIST_FILE = YES;
				INFOPLIST_KEY_CFBundleDisplayName = DodoCount;
				INFOPLIST_KEY_LSApplicationCategoryType = "public.app-category.utilities";
				INFOPLIST_KEY_LSUIElement = YES;
				INFOPLIST_KEY_NSHumanReadableCopyright = "";
				LD_RUNPATH_SEARCH_PATHS = (
					"$(inherited)",
					"@executable_path/../Frameworks",
				);
				MARKETING_VERSION = 1.2.0;
				PRODUCT_BUNDLE_IDENTIFIER = com.dodocount.app;
				PRODUCT_NAME = "$(TARGET_NAME)";
				SWIFT_EMIT_LOC_STRINGS = YES;
				SWIFT_VERSION = 5.0;
			};
			name = Debug;
		};
		1A0000360000000000000001 /* Release */ = {
			isa = XCBuildConfiguration;
			buildSettings = {
				ARCHS = "$(ARCHS_STANDARD)";
				ASSETCATALOG_COMPILER_APPICON_NAME = AppIcon;
				ASSETCATALOG_COMPILER_GLOBAL_ACCENT_COLOR_NAME = AccentColor;
				CODE_SIGN_ENTITLEMENTS = DodoCount/DodoCount.entitlements;
				CODE_SIGN_STYLE = Automatic;
				COMBINE_HIDPI_IMAGES = YES;
				CURRENT_PROJECT_VERSION = 1;
				DEVELOPMENT_ASSET_PATHS = "";
				ENABLE_HARDENED_RUNTIME = YES;
				ENABLE_PREVIEWS = YES;
				GENERATE_INFOPLIST_FILE = YES;
				INFOPLIST_KEY_CFBundleDisplayName = DodoCount;
				INFOPLIST_KEY_LSApplicationCategoryType = "public.app-category.utilities";
				INFOPLIST_KEY_LSUIElement = YES;
				INFOPLIST_KEY_NSHumanReadableCopyright = "";
				LD_RUNPATH_SEARCH_PATHS = (
					"$(inherited)",
					"@executable_path/../Frameworks",
				);
				MARKETING_VERSION = 1.2.0;
				PRODUCT_BUNDLE_IDENTIFIER = com.dodocount.app;
				PRODUCT_NAME = "$(TARGET_NAME)";
				SWIFT_EMIT_LOC_STRINGS = YES;
				SWIFT_VERSION = 5.0;
			};
			name = Release;
		};
/* End XCBuildConfiguration section */

/* Begin XCConfigurationList section */
		1A00002E0000000000000001 /* Build configuration list for PBXNativeTarget "DodoCount" */ = {
			isa = XCConfigurationList;
			buildConfigurations = (
				1A0000350000000000000001 /* Debug */,
				1A0000360000000000000001 /* Release */,
			);
			defaultConfigurationIsVisible = 0;
			defaultConfigurationName = Release;
		};
		1A0000320000000000000001 /* Build configuration list for PBXProject "DodoCount" */ = {
			isa = XCConfigurationList;
			buildConfigurations = (
				1A0000330000000000000001 /* Debug */,
				1A0000340000000000000001 /* Release */,
			);
			defaultConfigurationIsVisible = 0;
			defaultConfigurationName = Release;
		};
/* End XCConfigurationList section */
	};
	rootObject = 1A0000310000000000000001 /* Project object */;
}
